
Microsoft Visual Studio Solution File, Format Version 12.00
# Visual Studio Version 17
VisualStudioVersion = 17.8.34330.188
MinimumVisualStudioVersion = 10.0.40219.1
Project("{FAE04EC0-301F-11D3-BF4B-00C04F79EFBC}") = "Journey.Microservice.Web", "Journey.Microservice.Web\Journey.Microservice.Web.csproj", "{C269A390-8380-4CD1-9EC4-F8FF9D7A4AF1}"
EndProject
Project("{FAE04EC0-301F-11D3-BF4B-00C04F79EFBC}") = "Journey.Microservice.DataAccess", "Journey.Microservice.DataAccess\Journey.Microservice.DataAccess.csproj", "{2DEFECB9-C80E-4A7C-813C-789A5F8D1A53}"
EndProject
Project("{FAE04EC0-301F-11D3-BF4B-00C04F79EFBC}") = "Journey.Microservice.EntityFramework", "Journey.Microservice.EntityFramework\Journey.Microservice.EntityFramework.csproj", "{DD1E8152-CFD4-438B-BF12-B526FE522C8D}"
EndProject
Project("{FAE04EC0-301F-11D3-BF4B-00C04F79EFBC}") = "Journey.Microservice.Core", "Journey.Microservice.Core\Journey.Microservice.Core.csproj", "{7E5F739A-5867-42F2-9284-F54172AF4360}"
EndProject
Global
	GlobalSection(SolutionConfigurationPlatforms) = preSolution
		Debug|Any CPU = Debug|Any CPU
		Release|Any CPU = Release|Any CPU
	EndGlobalSection
	GlobalSection(ProjectConfigurationPlatforms) = postSolution
		{C269A390-8380-4CD1-9EC4-F8FF9D7A4AF1}.Debug|Any CPU.ActiveCfg = Debug|Any CPU
		{C269A390-8380-4CD1-9EC4-F8FF9D7A4AF1}.Debug|Any CPU.Build.0 = Debug|Any CPU
		{C269A390-8380-4CD1-9EC4-F8FF9D7A4AF1}.Release|Any CPU.ActiveCfg = Release|Any CPU
		{C269A390-8380-4CD1-9EC4-F8FF9D7A4AF1}.Release|Any CPU.Build.0 = Release|Any CPU
		{2DEFECB9-C80E-4A7C-813C-789A5F8D1A53}.Debug|Any CPU.ActiveCfg = Debug|Any CPU
		{2DEFECB9-C80E-4A7C-813C-789A5F8D1A53}.Debug|Any CPU.Build.0 = Debug|Any CPU
		{2DEFECB9-C80E-4A7C-813C-789A5F8D1A53}.Release|Any CPU.ActiveCfg = Release|Any CPU
		{2DEFECB9-C80E-4A7C-813C-789A5F8D1A53}.Release|Any CPU.Build.0 = Release|Any CPU
		{DD1E8152-CFD4-438B-BF12-B526FE522C8D}.Debug|Any CPU.ActiveCfg = Debug|Any CPU
		{DD1E8152-CFD4-438B-BF12-B526FE522C8D}.Debug|Any CPU.Build.0 = Debug|Any CPU
		{DD1E8152-CFD4-438B-BF12-B526FE522C8D}.Release|Any CPU.ActiveCfg = Release|Any CPU
		{DD1E8152-CFD4-438B-BF12-B526FE522C8D}.Release|Any CPU.Build.0 = Release|Any CPU
		{7E5F739A-5867-42F2-9284-F54172AF4360}.Debug|Any CPU.ActiveCfg = Debug|Any CPU
		{7E5F739A-5867-42F2-9284-F54172AF4360}.Debug|Any CPU.Build.0 = Debug|Any CPU
		{7E5F739A-5867-42F2-9284-F54172AF4360}.Release|Any CPU.ActiveCfg = Release|Any CPU
		{7E5F739A-5867-42F2-9284-F54172AF4360}.Release|Any CPU.Build.0 = Release|Any CPU
	EndGlobalSection
	GlobalSection(SolutionProperties) = preSolution
		HideSolutionNode = FALSE
	EndGlobalSection
	GlobalSection(ExtensibilityGlobals) = postSolution
		SolutionGuid = {2F664C3C-5CD5-47F9-A811-4E7D9AFE3B81}
	EndGlobalSection
EndGlobal
