
Microsoft Visual Studio Solution File, Format Version 12.00
# Visual Studio Version 17
VisualStudioVersion = 17.8.34330.188
MinimumVisualStudioVersion = 10.0.40219.1
Project("{FAE04EC0-301F-11D3-BF4B-00C04F79EFBC}") = "Passengers.Microservice.Web", "Passengers.Microservice.Web\Passengers.Microservice.Web.csproj", "{DA876828-7542-47F9-8811-E8BA10BC42AE}"
EndProject
Project("{FAE04EC0-301F-11D3-BF4B-00C04F79EFBC}") = "Passengers.Microservice.DataAccess", "Passengers.Microservice.DataAccess\Passengers.Microservice.DataAccess.csproj", "{1ECCE6C4-0738-46C2-BB6D-D375583FBAFB}"
EndProject
Project("{FAE04EC0-301F-11D3-BF4B-00C04F79EFBC}") = "Passengers.Microservice.EntityFramework", "Passengers.Microservice.EntityFramework\Passengers.Microservice.EntityFramework.csproj", "{600F6E0C-8BE9-4191-A730-03E73800D25A}"
EndProject
Project("{FAE04EC0-301F-11D3-BF4B-00C04F79EFBC}") = "Passengers.Microservice.Core", "Passengers.Microservice.Core\Passengers.Microservice.Core.csproj", "{EA1F1F41-A344-4E05-8115-1900C6FB94D9}"
EndProject
Global
	GlobalSection(SolutionConfigurationPlatforms) = preSolution
		Debug|Any CPU = Debug|Any CPU
		Release|Any CPU = Release|Any CPU
	EndGlobalSection
	GlobalSection(ProjectConfigurationPlatforms) = postSolution
		{DA876828-7542-47F9-8811-E8BA10BC42AE}.Debug|Any CPU.ActiveCfg = Debug|Any CPU
		{DA876828-7542-47F9-8811-E8BA10BC42AE}.Debug|Any CPU.Build.0 = Debug|Any CPU
		{DA876828-7542-47F9-8811-E8BA10BC42AE}.Release|Any CPU.ActiveCfg = Release|Any CPU
		{DA876828-7542-47F9-8811-E8BA10BC42AE}.Release|Any CPU.Build.0 = Release|Any CPU
		{1ECCE6C4-0738-46C2-BB6D-D375583FBAFB}.Debug|Any CPU.ActiveCfg = Debug|Any CPU
		{1ECCE6C4-0738-46C2-BB6D-D375583FBAFB}.Debug|Any CPU.Build.0 = Debug|Any CPU
		{1ECCE6C4-0738-46C2-BB6D-D375583FBAFB}.Release|Any CPU.ActiveCfg = Release|Any CPU
		{1ECCE6C4-0738-46C2-BB6D-D375583FBAFB}.Release|Any CPU.Build.0 = Release|Any CPU
		{600F6E0C-8BE9-4191-A730-03E73800D25A}.Debug|Any CPU.ActiveCfg = Debug|Any CPU
		{600F6E0C-8BE9-4191-A730-03E73800D25A}.Debug|Any CPU.Build.0 = Debug|Any CPU
		{600F6E0C-8BE9-4191-A730-03E73800D25A}.Release|Any CPU.ActiveCfg = Release|Any CPU
		{600F6E0C-8BE9-4191-A730-03E73800D25A}.Release|Any CPU.Build.0 = Release|Any CPU
		{EA1F1F41-A344-4E05-8115-1900C6FB94D9}.Debug|Any CPU.ActiveCfg = Debug|Any CPU
		{EA1F1F41-A344-4E05-8115-1900C6FB94D9}.Debug|Any CPU.Build.0 = Debug|Any CPU
		{EA1F1F41-A344-4E05-8115-1900C6FB94D9}.Release|Any CPU.ActiveCfg = Release|Any CPU
		{EA1F1F41-A344-4E05-8115-1900C6FB94D9}.Release|Any CPU.Build.0 = Release|Any CPU
	EndGlobalSection
	GlobalSection(SolutionProperties) = preSolution
		HideSolutionNode = FALSE
	EndGlobalSection
	GlobalSection(ExtensibilityGlobals) = postSolution
		SolutionGuid = {881B145D-0721-45D7-A233-7609486A5652}
	EndGlobalSection
EndGlobal
